
Microsoft Visual Studio Solution File, Format Version 12.00
Project("{FAE04EC0-301F-11D3-BF4B-00C04F79EFBC}") = "Truthy", "Truthy\Truthy.csproj", "{F80BDA44-6ACD-47F9-87D7-1299311BDC3F}"
EndProject
Project("{FAE04EC0-301F-11D3-BF4B-00C04F79EFBC}") = "Truthy.Tests", "Truthy.Tests\Truthy.Tests.csproj", "{59ED1F34-4D61-46A0-9FCD-48BC54C36F16}"
EndProject
Global
	GlobalSection(SolutionConfigurationPlatforms) = preSolution
		Debug|Any CPU = Debug|Any CPU
		Release|Any CPU = Release|Any CPU
	EndGlobalSection
	GlobalSection(ProjectConfigurationPlatforms) = postSolution
		{F80BDA44-6ACD-47F9-87D7-1299311BDC3F}.Debug|Any CPU.ActiveCfg = Debug|Any CPU
		{F80BDA44-6ACD-47F9-87D7-1299311BDC3F}.Debug|Any CPU.Build.0 = Debug|Any CPU
		{F80BDA44-6ACD-47F9-87D7-1299311BDC3F}.Release|Any CPU.ActiveCfg = Release|Any CPU
		{F80BDA44-6ACD-47F9-87D7-1299311BDC3F}.Release|Any CPU.Build.0 = Release|Any CPU
		{59ED1F34-4D61-46A0-9FCD-48BC54C36F16}.Debug|Any CPU.ActiveCfg = Debug|Any CPU
		{59ED1F34-4D61-46A0-9FCD-48BC54C36F16}.Debug|Any CPU.Build.0 = Debug|Any CPU
		{59ED1F34-4D61-46A0-9FCD-48BC54C36F16}.Release|Any CPU.ActiveCfg = Release|Any CPU
		{59ED1F34-4D61-46A0-9FCD-48BC54C36F16}.Release|Any CPU.Build.0 = Release|Any CPU
	EndGlobalSection
EndGlobal
